
Microsoft Visual Studio Solution File, Format Version 12.00
# Visual Studio Version 16
VisualStudioVersion = 16.0.30104.148
MinimumVisualStudioVersion = 10.0.40219.1
Project("{FAE04EC0-301F-11D3-BF4B-00C04F79EFBC}") = "BTS-3k2-2020", "BTS-3k2-2020\BTS-3k2-2020.csproj", "{A78601ED-A1ED-41C4-BAD3-711C1744D7F2}"
EndProject
Global
	GlobalSection(SolutionConfigurationPlatforms) = preSolution
		Debug|Any CPU = Debug|Any CPU
		Release|Any CPU = Release|Any CPU
	EndGlobalSection
	GlobalSection(ProjectConfigurationPlatforms) = postSolution
		{A78601ED-A1ED-41C4-BAD3-711C1744D7F2}.Debug|Any CPU.ActiveCfg = Debug|Any CPU
		{A78601ED-A1ED-41C4-BAD3-711C1744D7F2}.Debug|Any CPU.Build.0 = Debug|Any CPU
		{A78601ED-A1ED-41C4-BAD3-711C1744D7F2}.Release|Any CPU.ActiveCfg = Release|Any CPU
		{A78601ED-A1ED-41C4-BAD3-711C1744D7F2}.Release|Any CPU.Build.0 = Release|Any CPU
	EndGlobalSection
	GlobalSection(SolutionProperties) = preSolution
		HideSolutionNode = FALSE
	EndGlobalSection
	GlobalSection(ExtensibilityGlobals) = postSolution
		SolutionGuid = {206D03D1-F726-49C9-A110-D618B6D60A98}
	EndGlobalSection
EndGlobal
